dependencies:
- name: kubewatch
  repository: http://storage.googleapis.com/kubernetes-charts
  version: 0.3.1
- name: redis
  repository: http://storage.googleapis.com/kubernetes-charts
  version: 3.3.6
- name: metabase
  repository: http://storage.googleapis.com/kubernetes-charts
  version: 0.4.1
- name: drone
  repository: http://storage.googleapis.com/kubernetes-charts
  version: 1.2.0
- name: influxdb
  repository: http://influx-charts.storage.googleapis.com
  version: 1.5.3
- name: kapacitor
  repository: http://influx-charts.storage.googleapis.com
  version: 1.5.0
- name: chronograf
  repository: http://influx-charts.storage.googleapis.com
  version: 1.5.0
- name: telegraf-s
  repository: http://influx-charts.storage.googleapis.com
  version: 1.6.3
digest: sha256:1ded4431fb4550b656c3e3bccce90cdf064b7c10f8dcca5e1f9d82a3546a4ec8
generated: 2018-06-27T11:32:59.839767054-07:00
