dependencies:
- name: kubewatch
  repository: http://storage.googleapis.com/kubernetes-charts
  version: 0.3.1
- name: redis
  repository: http://storage.googleapis.com/kubernetes-charts
  version: 3.3.6
- name: metabase
  repository: http://storage.googleapis.com/kubernetes-charts
  version: 0.4.1
- name: drone
  repository: http://storage.googleapis.com/kubernetes-charts
  version: 1.2.0
- name: elasticsearch
  repository: http://storage.googleapis.com/kubernetes-charts-incubator
  version: 1.1.1
- name: influxdb
  repository: http://influx-charts.storage.googleapis.com
  version: 1.5.3
- name: kapacitor
  repository: http://influx-charts.storage.googleapis.com
  version: 1.5.0
- name: chronograf
  repository: http://influx-charts.storage.googleapis.com
  version: 1.5.0
- name: telegraf-s
  repository: http://influx-charts.storage.googleapis.com
  version: 1.6.3
digest: sha256:d97d2366e86891d1d05c21314fb8059b2249c12f8bed7a4278c1d74c1f310c7a
generated: 2018-06-29T17:09:23.922653524-07:00
